// !$*UTF8*$!
{
	archiveVersion = 1;
	classes = {
	};
	objectVersion = 50;
	objects = {

/* Begin PBXBuildFile section */
		29140D71214EA474005427BC /* DataManager.swift in Sources */ = {isa = PBXBuildFile; fileRef = 29140D70214EA474005427BC /* DataManager.swift */; };
		29140D74214EA498005427BC /* APIManager.swift in Sources */ = {isa = PBXBuildFile; fileRef = 29140D73214EA498005427BC /* APIManager.swift */; };
		29140D76214EA4A2005427BC /* MockAPIManager.swift in Sources */ = {isa = PBXBuildFile; fileRef = 29140D75214EA4A2005427BC /* MockAPIManager.swift */; };
		29140D79214EA615005427BC /* CustomerModels.swift in Sources */ = {isa = PBXBuildFile; fileRef = 29140D78214EA615005427BC /* CustomerModels.swift */; };
		29140D7B214EA80E005427BC /* MockDataManager.swift in Sources */ = {isa = PBXBuildFile; fileRef = 29140D7A214EA80E005427BC /* MockDataManager.swift */; };
		29140D8021504C23005427BC /* Date+Formatting.swift in Sources */ = {isa = PBXBuildFile; fileRef = 29140D7F21504C23005427BC /* Date+Formatting.swift */; };
		29140D82215988C5005427BC /* CameraViewController.swift in Sources */ = {isa = PBXBuildFile; fileRef = 29140D81215988C5005427BC /* CameraViewController.swift */; };
		29C2D2FC2138836D00397903 /* AppDelegate.swift in Sources */ = {isa = PBXBuildFile; fileRef = 29C2D2FB2138836D00397903 /* AppDelegate.swift */; };
		29C2D2FE2138836D00397903 /* LoginViewController.swift in Sources */ = {isa = PBXBuildFile; fileRef = 29C2D2FD2138836D00397903 /* LoginViewController.swift */; };
		29C2D3012138836D00397903 /* Main.storyboard in Resources */ = {isa = PBXBuildFile; fileRef = 29C2D2FF2138836D00397903 /* Main.storyboard */; };
		29C2D3032138836E00397903 /* Assets.xcassets in Resources */ = {isa = PBXBuildFile; fileRef = 29C2D3022138836E00397903 /* Assets.xcassets */; };
		29C2D3062138836E00397903 /* LaunchScreen.storyboard in Resources */ = {isa = PBXBuildFile; fileRef = 29C2D3042138836E00397903 /* LaunchScreen.storyboard */; };
		29C2D30F2138857000397903 /* MRTextField.swift in Sources */ = {isa = PBXBuildFile; fileRef = 29C2D30E2138857000397903 /* MRTextField.swift */; };
		29C2D3112138857E00397903 /* MRButton.swift in Sources */ = {isa = PBXBuildFile; fileRef = 29C2D3102138857E00397903 /* MRButton.swift */; };
		29C2D31E21398F0100397903 /* Constants.swift in Sources */ = {isa = PBXBuildFile; fileRef = 29C2D31D21398F0100397903 /* Constants.swift */; };
		29C2D32021398F3900397903 /* UIColor+Theme.swift in Sources */ = {isa = PBXBuildFile; fileRef = 29C2D31F21398F3900397903 /* UIColor+Theme.swift */; };
		29C2D326213B25AC00397903 /* BaseViewController.swift in Sources */ = {isa = PBXBuildFile; fileRef = 29C2D325213B25AC00397903 /* BaseViewController.swift */; };
		29C2D33B213B2E7F00397903 /* Gotham-XLight.otf in Resources */ = {isa = PBXBuildFile; fileRef = 29C2D32A213B2E7E00397903 /* Gotham-XLight.otf */; };
		29C2D33C213B2E7F00397903 /* Gotham-BookItalic.otf in Resources */ = {isa = PBXBuildFile; fileRef = 29C2D32B213B2E7E00397903 /* Gotham-BookItalic.otf */; };
		29C2D33D213B2E7F00397903 /* Gotham-BoldItalic.otf in Resources */ = {isa = PBXBuildFile; fileRef = 29C2D32C213B2E7E00397903 /* Gotham-BoldItalic.otf */; };
		29C2D33E213B2E7F00397903 /* Gotham-LightItalic.otf in Resources */ = {isa = PBXBuildFile; fileRef = 29C2D32D213B2E7E00397903 /* Gotham-LightItalic.otf */; };
		29C2D33F213B2E7F00397903 /* Gotham-Bold.otf in Resources */ = {isa = PBXBuildFile; fileRef = 29C2D32E213B2E7E00397903 /* Gotham-Bold.otf */; };
		29C2D340213B2E7F00397903 /* Gotham-Light.otf in Resources */ = {isa = PBXBuildFile; fileRef = 29C2D32F213B2E7E00397903 /* Gotham-Light.otf */; };
		29C2D341213B2E7F00397903 /* Gotham-ThinItalic.otf in Resources */ = {isa = PBXBuildFile; fileRef = 29C2D330213B2E7E00397903 /* Gotham-ThinItalic.otf */; };
		29C2D342213B2E7F00397903 /* Gotham-Medium.otf in Resources */ = {isa = PBXBuildFile; fileRef = 29C2D331213B2E7E00397903 /* Gotham-Medium.otf */; };
		29C2D343213B2E7F00397903 /* Gotham-MediumItalic.otf in Resources */ = {isa = PBXBuildFile; fileRef = 29C2D332213B2E7E00397903 /* Gotham-MediumItalic.otf */; };
		29C2D344213B2E7F00397903 /* Gotham-Thin.otf in Resources */ = {isa = PBXBuildFile; fileRef = 29C2D333213B2E7E00397903 /* Gotham-Thin.otf */; };
		29C2D345213B2E7F00397903 /* Gotham-XLightItalic.otf in Resources */ = {isa = PBXBuildFile; fileRef = 29C2D334213B2E7E00397903 /* Gotham-XLightItalic.otf */; };
		29C2D346213B2E7F00397903 /* Gotham-BlackItalic.otf in Resources */ = {isa = PBXBuildFile; fileRef = 29C2D335213B2E7E00397903 /* Gotham-BlackItalic.otf */; };
		29C2D347213B2E7F00397903 /* Gotham-Black.otf in Resources */ = {isa = PBXBuildFile; fileRef = 29C2D336213B2E7E00397903 /* Gotham-Black.otf */; };
		29C2D348213B2E7F00397903 /* gotham-book.ttf in Resources */ = {isa = PBXBuildFile; fileRef = 29C2D337213B2E7E00397903 /* gotham-book.ttf */; };
		29C2D349213B2E7F00397903 /* Gotham-Book.otf in Resources */ = {isa = PBXBuildFile; fileRef = 29C2D338213B2E7F00397903 /* Gotham-Book.otf */; };
		29C2D34A213B2E7F00397903 /* Gotham-Ultra.otf in Resources */ = {isa = PBXBuildFile; fileRef = 29C2D339213B2E7F00397903 /* Gotham-Ultra.otf */; };
		29C2D34B213B2E7F00397903 /* Gotham-UltraItalic.otf in Resources */ = {isa = PBXBuildFile; fileRef = 29C2D33A213B2E7F00397903 /* Gotham-UltraItalic.otf */; };
		29C2D34E213D82B300397903 /* HistoryViewController.swift in Sources */ = {isa = PBXBuildFile; fileRef = 29C2D34D213D82B300397903 /* HistoryViewController.swift */; };
		29C2D356213DC5E900397903 /* HistoryTableViewCell.swift in Sources */ = {isa = PBXBuildFile; fileRef = 29C2D354213DC5E900397903 /* HistoryTableViewCell.swift */; };
		29C2D357213DC5E900397903 /* HistoryTableViewCell.xib in Resources */ = {isa = PBXBuildFile; fileRef = 29C2D355213DC5E900397903 /* HistoryTableViewCell.xib */; };
		29D95402216555FC00350580 /* AddressPopoverViewController.swift in Sources */ = {isa = PBXBuildFile; fileRef = 29D95400216555FC00350580 /* AddressPopoverViewController.swift */; };
		29D95403216555FC00350580 /* AddressPopoverViewController.xib in Resources */ = {isa = PBXBuildFile; fileRef = 29D95401216555FC00350580 /* AddressPopoverViewController.xib */; };
		29D9540621655A1900350580 /* ContainerViewControllerProtocol.swift in Sources */ = {isa = PBXBuildFile; fileRef = 29D9540521655A1900350580 /* ContainerViewControllerProtocol.swift */; };
		E3A8F38BBFF1485222DD6544 /* Pods_Metereader.framework in Frameworks */ = {isa = PBXBuildFile; fileRef = 9E77507AD7A2427E2D8B69B1 /* Pods_Metereader.framework */; };
/* End PBXBuildFile section */

/* Begin PBXFileReference section */
		014AB7B6319F657A0D5837FC /* Pods-Metereader.release.xcconfig */ = {isa = PBXFileReference; includeInIndex = 1; lastKnownFileType = text.xcconfig; name = "Pods-Metereader.release.xcconfig"; path = "Pods/Target Support Files/Pods-Metereader/Pods-Metereader.release.xcconfig"; sourceTree = "<group>"; };
		29140D70214EA474005427BC /* DataManager.swift */ = {isa = PBXFileReference; lastKnownFileType = sourcecode.swift; path = DataManager.swift; sourceTree = "<group>"; };
		29140D73214EA498005427BC /* APIManager.swift */ = {isa = PBXFileReference; lastKnownFileType = sourcecode.swift; path = APIManager.swift; sourceTree = "<group>"; };
		29140D75214EA4A2005427BC /* MockAPIManager.swift */ = {isa = PBXFileReference; lastKnownFileType = sourcecode.swift; path = MockAPIManager.swift; sourceTree = "<group>"; };
		29140D78214EA615005427BC /* CustomerModels.swift */ = {isa = PBXFileReference; lastKnownFileType = sourcecode.swift; path = CustomerModels.swift; sourceTree = "<group>"; };
		29140D7A214EA80E005427BC /* MockDataManager.swift */ = {isa = PBXFileReference; lastKnownFileType = sourcecode.swift; path = MockDataManager.swift; sourceTree = "<group>"; };
		29140D7F21504C23005427BC /* Date+Formatting.swift */ = {isa = PBXFileReference; lastKnownFileType = sourcecode.swift; path = "Date+Formatting.swift"; sourceTree = "<group>"; };
		29140D81215988C5005427BC /* CameraViewController.swift */ = {isa = PBXFileReference; lastKnownFileType = sourcecode.swift; path = CameraViewController.swift; sourceTree = "<group>"; };
		29C2D2F82138836D00397903 /* Metereader.app */ = {isa = PBXFileReference; explicitFileType = wrapper.application; includeInIndex = 0; path = Metereader.app; sourceTree = BUILT_PRODUCTS_DIR; };
		29C2D2FB2138836D00397903 /* AppDelegate.swift */ = {isa = PBXFileReference; lastKnownFileType = sourcecode.swift; path = AppDelegate.swift; sourceTree = "<group>"; };
		29C2D2FD2138836D00397903 /* LoginViewController.swift */ = {isa = PBXFileReference; lastKnownFileType = sourcecode.swift; path = LoginViewController.swift; sourceTree = "<group>"; };
		29C2D3002138836D00397903 /* Base */ = {isa = PBXFileReference; lastKnownFileType = file.storyboard; name = Base; path = Base.lproj/Main.storyboard; sourceTree = "<group>"; };
		29C2D3022138836E00397903 /* Assets.xcassets */ = {isa = PBXFileReference; lastKnownFileType = folder.assetcatalog; path = Assets.xcassets; sourceTree = "<group>"; };
		29C2D3052138836E00397903 /* Base */ = {isa = PBXFileReference; lastKnownFileType = file.storyboard; name = Base; path = Base.lproj/LaunchScreen.storyboard; sourceTree = "<group>"; };
		29C2D3072138836E00397903 /* Info.plist */ = {isa = PBXFileReference; lastKnownFileType = text.plist.xml; path = Info.plist; sourceTree = "<group>"; };
		29C2D30E2138857000397903 /* MRTextField.swift */ = {isa = PBXFileReference; lastKnownFileType = sourcecode.swift; path = MRTextField.swift; sourceTree = "<group>"; };
		29C2D3102138857E00397903 /* MRButton.swift */ = {isa = PBXFileReference; lastKnownFileType = sourcecode.swift; path = MRButton.swift; sourceTree = "<group>"; };
		29C2D31D21398F0100397903 /* Constants.swift */ = {isa = PBXFileReference; lastKnownFileType = sourcecode.swift; path = Constants.swift; sourceTree = "<group>"; };
		29C2D31F21398F3900397903 /* UIColor+Theme.swift */ = {isa = PBXFileReference; lastKnownFileType = sourcecode.swift; path = "UIColor+Theme.swift"; sourceTree = "<group>"; };
		29C2D325213B25AC00397903 /* BaseViewController.swift */ = {isa = PBXFileReference; lastKnownFileType = sourcecode.swift; path = BaseViewController.swift; sourceTree = "<group>"; };
		29C2D32A213B2E7E00397903 /* Gotham-XLight.otf */ = {isa = PBXFileReference; lastKnownFileType = file; path = "Gotham-XLight.otf"; sourceTree = "<group>"; };
		29C2D32B213B2E7E00397903 /* Gotham-BookItalic.otf */ = {isa = PBXFileReference; lastKnownFileType = file; path = "Gotham-BookItalic.otf"; sourceTree = "<group>"; };
		29C2D32C213B2E7E00397903 /* Gotham-BoldItalic.otf */ = {isa = PBXFileReference; lastKnownFileType = file; path = "Gotham-BoldItalic.otf"; sourceTree = "<group>"; };
		29C2D32D213B2E7E00397903 /* Gotham-LightItalic.otf */ = {isa = PBXFileReference; lastKnownFileType = file; path = "Gotham-LightItalic.otf"; sourceTree = "<group>"; };
		29C2D32E213B2E7E00397903 /* Gotham-Bold.otf */ = {isa = PBXFileReference; lastKnownFileType = file; path = "Gotham-Bold.otf"; sourceTree = "<group>"; };
		29C2D32F213B2E7E00397903 /* Gotham-Light.otf */ = {isa = PBXFileReference; lastKnownFileType = file; path = "Gotham-Light.otf"; sourceTree = "<group>"; };
		29C2D330213B2E7E00397903 /* Gotham-ThinItalic.otf */ = {isa = PBXFileReference; lastKnownFileType = file; path = "Gotham-ThinItalic.otf"; sourceTree = "<group>"; };
		29C2D331213B2E7E00397903 /* Gotham-Medium.otf */ = {isa = PBXFileReference; lastKnownFileType = file; path = "Gotham-Medium.otf"; sourceTree = "<group>"; };
		29C2D332213B2E7E00397903 /* Gotham-MediumItalic.otf */ = {isa = PBXFileReference; lastKnownFileType = file; path = "Gotham-MediumItalic.otf"; sourceTree = "<group>"; };
		29C2D333213B2E7E00397903 /* Gotham-Thin.otf */ = {isa = PBXFileReference; lastKnownFileType = file; path = "Gotham-Thin.otf"; sourceTree = "<group>"; };
		29C2D334213B2E7E00397903 /* Gotham-XLightItalic.otf */ = {isa = PBXFileReference; lastKnownFileType = file; path = "Gotham-XLightItalic.otf"; sourceTree = "<group>"; };
		29C2D335213B2E7E00397903 /* Gotham-BlackItalic.otf */ = {isa = PBXFileReference; lastKnownFileType = file; path = "Gotham-BlackItalic.otf"; sourceTree = "<group>"; };
		29C2D336213B2E7E00397903 /* Gotham-Black.otf */ = {isa = PBXFileReference; lastKnownFileType = file; path = "Gotham-Black.otf"; sourceTree = "<group>"; };
		29C2D337213B2E7E00397903 /* gotham-book.ttf */ = {isa = PBXFileReference; lastKnownFileType = file; path = "gotham-book.ttf"; sourceTree = "<group>"; };
		29C2D338213B2E7F00397903 /* Gotham-Book.otf */ = {isa = PBXFileReference; lastKnownFileType = file; path = "Gotham-Book.otf"; sourceTree = "<group>"; };
		29C2D339213B2E7F00397903 /* Gotham-Ultra.otf */ = {isa = PBXFileReference; lastKnownFileType = file; path = "Gotham-Ultra.otf"; sourceTree = "<group>"; };
		29C2D33A213B2E7F00397903 /* Gotham-UltraItalic.otf */ = {isa = PBXFileReference; lastKnownFileType = file; path = "Gotham-UltraItalic.otf"; sourceTree = "<group>"; };
		29C2D34D213D82B300397903 /* HistoryViewController.swift */ = {isa = PBXFileReference; lastKnownFileType = sourcecode.swift; path = HistoryViewController.swift; sourceTree = "<group>"; };
		29C2D354213DC5E900397903 /* HistoryTableViewCell.swift */ = {isa = PBXFileReference; lastKnownFileType = sourcecode.swift; path = HistoryTableViewCell.swift; sourceTree = "<group>"; };
		29C2D355213DC5E900397903 /* HistoryTableViewCell.xib */ = {isa = PBXFileReference; lastKnownFileType = file.xib; path = HistoryTableViewCell.xib; sourceTree = "<group>"; };
		29D95400216555FC00350580 /* AddressPopoverViewController.swift */ = {isa = PBXFileReference; lastKnownFileType = sourcecode.swift; path = AddressPopoverViewController.swift; sourceTree = "<group>"; };
		29D95401216555FC00350580 /* AddressPopoverViewController.xib */ = {isa = PBXFileReference; lastKnownFileType = file.xib; path = AddressPopoverViewController.xib; sourceTree = "<group>"; };
		29D9540521655A1900350580 /* ContainerViewControllerProtocol.swift */ = {isa = PBXFileReference; lastKnownFileType = sourcecode.swift; path = ContainerViewControllerProtocol.swift; sourceTree = "<group>"; };
		4028EE9BDFD0781F8D18D0B1 /* Pods-Metereader.debug.xcconfig */ = {isa = PBXFileReference; includeInIndex = 1; lastKnownFileType = text.xcconfig; name = "Pods-Metereader.debug.xcconfig"; path = "Pods/Target Support Files/Pods-Metereader/Pods-Metereader.debug.xcconfig"; sourceTree = "<group>"; };
		9E77507AD7A2427E2D8B69B1 /* Pods_Metereader.framework */ = {isa = PBXFileReference; explicitFileType = wrapper.framework; includeInIndex = 0; path = Pods_Metereader.framework; sourceTree = BUILT_PRODUCTS_DIR; };
/* End PBXFileReference section */

/* Begin PBXFrameworksBuildPhase section */
		29C2D2F52138836D00397903 /* Frameworks */ = {
			isa = PBXFrameworksBuildPhase;
			buildActionMask = 2147483647;
			files = (
				E3A8F38BBFF1485222DD6544 /* Pods_Metereader.framework in Frameworks */,
			);
			runOnlyForDeploymentPostprocessing = 0;
		};
/* End PBXFrameworksBuildPhase section */

/* Begin PBXGroup section */
		0AA3A571ACE73AA45F26B06D /* Pods */ = {
			isa = PBXGroup;
			children = (
				4028EE9BDFD0781F8D18D0B1 /* Pods-Metereader.debug.xcconfig */,
				014AB7B6319F657A0D5837FC /* Pods-Metereader.release.xcconfig */,
			);
			name = Pods;
			sourceTree = "<group>";
		};
		29140D72214EA47B005427BC /* Utilities */ = {
			isa = PBXGroup;
			children = (
				29140D70214EA474005427BC /* DataManager.swift */,
				29140D7A214EA80E005427BC /* MockDataManager.swift */,
				29140D73214EA498005427BC /* APIManager.swift */,
				29140D75214EA4A2005427BC /* MockAPIManager.swift */,
			);
			path = Utilities;
			sourceTree = "<group>";
		};
		29140D77214EA602005427BC /* Models */ = {
			isa = PBXGroup;
			children = (
				29140D78214EA615005427BC /* CustomerModels.swift */,
			);
			path = Models;
			sourceTree = "<group>";
		};
		29140D7C21504BD8005427BC /* Extensions */ = {
			isa = PBXGroup;
			children = (
				29140D7F21504C23005427BC /* Date+Formatting.swift */,
			);
			path = Extensions;
			sourceTree = "<group>";
		};
		29C2D2EF2138836C00397903 = {
			isa = PBXGroup;
			children = (
				29C2D2FA2138836D00397903 /* Metereader */,
				29C2D2F92138836D00397903 /* Products */,
				0AA3A571ACE73AA45F26B06D /* Pods */,
				715AA3172DA4CB13A9FF7230 /* Frameworks */,
			);
			sourceTree = "<group>";
		};
		29C2D2F92138836D00397903 /* Products */ = {
			isa = PBXGroup;
			children = (
				29C2D2F82138836D00397903 /* Metereader.app */,
			);
			name = Products;
			sourceTree = "<group>";
		};
		29C2D2FA2138836D00397903 /* Metereader */ = {
			isa = PBXGroup;
			children = (
				29D9540421655A0200350580 /* Protocols */,
				29140D7C21504BD8005427BC /* Extensions */,
				29140D77214EA602005427BC /* Models */,
				29140D72214EA47B005427BC /* Utilities */,
				29C2D34C213D828C00397903 /* Controllers */,
				29C2D329213B2E7200397903 /* Fonts */,
				29C2D31421398C0400397903 /* Supporting Files */,
				29C2D31221398A5B00397903 /* 3rd Party */,
				29C2D30D2138852A00397903 /* 1st Party */,
				29C2D2FB2138836D00397903 /* AppDelegate.swift */,
				29C2D2FF2138836D00397903 /* Main.storyboard */,
				29C2D3022138836E00397903 /* Assets.xcassets */,
				29C2D3042138836E00397903 /* LaunchScreen.storyboard */,
			);
			path = Metereader;
			sourceTree = "<group>";
		};
		29C2D30D2138852A00397903 /* 1st Party */ = {
			isa = PBXGroup;
			children = (
				29C2D30E2138857000397903 /* MRTextField.swift */,
				29C2D3102138857E00397903 /* MRButton.swift */,
			);
			path = "1st Party";
			sourceTree = "<group>";
		};
		29C2D31221398A5B00397903 /* 3rd Party */ = {
			isa = PBXGroup;
			children = (
				29C2D31321398A6400397903 /* MMMaterialDesignSpinner */,
			);
			path = "3rd Party";
			sourceTree = "<group>";
		};
		29C2D31321398A6400397903 /* MMMaterialDesignSpinner */ = {
			isa = PBXGroup;
			children = (
			);
			path = MMMaterialDesignSpinner;
			sourceTree = "<group>";
		};
		29C2D31421398C0400397903 /* Supporting Files */ = {
			isa = PBXGroup;
			children = (
				29C2D3072138836E00397903 /* Info.plist */,
				29C2D31D21398F0100397903 /* Constants.swift */,
				29C2D31F21398F3900397903 /* UIColor+Theme.swift */,
			);
			path = "Supporting Files";
			sourceTree = "<group>";
		};
		29C2D329213B2E7200397903 /* Fonts */ = {
			isa = PBXGroup;
			children = (
				29C2D336213B2E7E00397903 /* Gotham-Black.otf */,
				29C2D335213B2E7E00397903 /* Gotham-BlackItalic.otf */,
				29C2D32E213B2E7E00397903 /* Gotham-Bold.otf */,
				29C2D32C213B2E7E00397903 /* Gotham-BoldItalic.otf */,
				29C2D338213B2E7F00397903 /* Gotham-Book.otf */,
				29C2D337213B2E7E00397903 /* gotham-book.ttf */,
				29C2D32B213B2E7E00397903 /* Gotham-BookItalic.otf */,
				29C2D32F213B2E7E00397903 /* Gotham-Light.otf */,
				29C2D32D213B2E7E00397903 /* Gotham-LightItalic.otf */,
				29C2D331213B2E7E00397903 /* Gotham-Medium.otf */,
				29C2D332213B2E7E00397903 /* Gotham-MediumItalic.otf */,
				29C2D333213B2E7E00397903 /* Gotham-Thin.otf */,
				29C2D330213B2E7E00397903 /* Gotham-ThinItalic.otf */,
				29C2D339213B2E7F00397903 /* Gotham-Ultra.otf */,
				29C2D33A213B2E7F00397903 /* Gotham-UltraItalic.otf */,
				29C2D32A213B2E7E00397903 /* Gotham-XLight.otf */,
				29C2D334213B2E7E00397903 /* Gotham-XLightItalic.otf */,
			);
			path = Fonts;
			sourceTree = "<group>";
		};
		29C2D34C213D828C00397903 /* Controllers */ = {
			isa = PBXGroup;
			children = (
				29C2D34F213D82B800397903 /* Cells */,
				29C2D325213B25AC00397903 /* BaseViewController.swift */,
				29C2D2FD2138836D00397903 /* LoginViewController.swift */,
				29C2D34D213D82B300397903 /* HistoryViewController.swift */,
				29140D81215988C5005427BC /* CameraViewController.swift */,
				29D95400216555FC00350580 /* AddressPopoverViewController.swift */,
				29D95401216555FC00350580 /* AddressPopoverViewController.xib */,
			);
			path = Controllers;
			sourceTree = "<group>";
		};
		29C2D34F213D82B800397903 /* Cells */ = {
			isa = PBXGroup;
			children = (
				29C2D354213DC5E900397903 /* HistoryTableViewCell.swift */,
				29C2D355213DC5E900397903 /* HistoryTableViewCell.xib */,
			);
			path = Cells;
			sourceTree = "<group>";
		};
		29D9540421655A0200350580 /* Protocols */ = {
			isa = PBXGroup;
			children = (
				29D9540521655A1900350580 /* ContainerViewControllerProtocol.swift */,
			);
			path = Protocols;
			sourceTree = "<group>";
		};
		715AA3172DA4CB13A9FF7230 /* Frameworks */ = {
			isa = PBXGroup;
			children = (
				9E77507AD7A2427E2D8B69B1 /* Pods_Metereader.framework */,
			);
			name = Frameworks;
			sourceTree = "<group>";
		};
/* End PBXGroup section */

/* Begin PBXNativeTarget section */
		29C2D2F72138836D00397903 /* Metereader */ = {
			isa = PBXNativeTarget;
			buildConfigurationList = 29C2D30A2138836E00397903 /* Build configuration list for PBXNativeTarget "Metereader" */;
			buildPhases = (
				4840DD19BE18AD4D198FF76E /* [CP] Check Pods Manifest.lock */,
				29C2D2F42138836D00397903 /* Sources */,
				29C2D2F52138836D00397903 /* Frameworks */,
				29C2D2F62138836D00397903 /* Resources */,
				EC30337349DE4764F1EE224D /* [CP] Embed Pods Frameworks */,
				40FE1373F2BBC885964A5F30 /* [CP] Copy Pods Resources */,
			);
			buildRules = (
			);
			dependencies = (
			);
			name = Metereader;
			productName = Metereader;
			productReference = 29C2D2F82138836D00397903 /* Metereader.app */;
			productType = "com.apple.product-type.application";
		};
/* End PBXNativeTarget section */

/* Begin PBXProject section */
		29C2D2F02138836D00397903 /* Project object */ = {
			isa = PBXProject;
			attributes = {
				LastSwiftUpdateCheck = 0940;
				LastUpgradeCheck = 0940;
				ORGANIZATIONNAME = "Shawn Roller";
				TargetAttributes = {
					29C2D2F72138836D00397903 = {
						CreatedOnToolsVersion = 9.4.1;
						LastSwiftMigration = 0940;
					};
				};
			};
			buildConfigurationList = 29C2D2F32138836D00397903 /* Build configuration list for PBXProject "Metereader" */;
			compatibilityVersion = "Xcode 9.3";
			developmentRegion = en;
			hasScannedForEncodings = 0;
			knownRegions = (
				en,
				Base,
			);
			mainGroup = 29C2D2EF2138836C00397903;
			productRefGroup = 29C2D2F92138836D00397903 /* Products */;
			projectDirPath = "";
			projectRoot = "";
			targets = (
				29C2D2F72138836D00397903 /* Metereader */,
			);
		};
/* End PBXProject section */

/* Begin PBXResourcesBuildPhase section */
		29C2D2F62138836D00397903 /* Resources */ = {
			isa = PBXResourcesBuildPhase;
			buildActionMask = 2147483647;
			files = (
				29C2D34A213B2E7F00397903 /* Gotham-Ultra.otf in Resources */,
				29C2D33E213B2E7F00397903 /* Gotham-LightItalic.otf in Resources */,
				29D95403216555FC00350580 /* AddressPopoverViewController.xib in Resources */,
				29C2D357213DC5E900397903 /* HistoryTableViewCell.xib in Resources */,
				29C2D33C213B2E7F00397903 /* Gotham-BookItalic.otf in Resources */,
				29C2D345213B2E7F00397903 /* Gotham-XLightItalic.otf in Resources */,
				29C2D3062138836E00397903 /* LaunchScreen.storyboard in Resources */,
				29C2D340213B2E7F00397903 /* Gotham-Light.otf in Resources */,
				29C2D33D213B2E7F00397903 /* Gotham-BoldItalic.otf in Resources */,
				29C2D342213B2E7F00397903 /* Gotham-Medium.otf in Resources */,
				29C2D34B213B2E7F00397903 /* Gotham-UltraItalic.otf in Resources */,
				29C2D343213B2E7F00397903 /* Gotham-MediumItalic.otf in Resources */,
				29C2D344213B2E7F00397903 /* Gotham-Thin.otf in Resources */,
				29C2D3032138836E00397903 /* Assets.xcassets in Resources */,
				29C2D348213B2E7F00397903 /* gotham-book.ttf in Resources */,
				29C2D341213B2E7F00397903 /* Gotham-ThinItalic.otf in Resources */,
				29C2D33F213B2E7F00397903 /* Gotham-Bold.otf in Resources */,
				29C2D347213B2E7F00397903 /* Gotham-Black.otf in Resources */,
				29C2D346213B2E7F00397903 /* Gotham-BlackItalic.otf in Resources */,
				29C2D349213B2E7F00397903 /* Gotham-Book.otf in Resources */,
				29C2D3012138836D00397903 /* Main.storyboard in Resources */,
				29C2D33B213B2E7F00397903 /* Gotham-XLight.otf in Resources */,
			);
			runOnlyForDeploymentPostprocessing = 0;
		};
/* End PBXResourcesBuildPhase section */

/* Begin PBXShellScriptBuildPhase section */
		40FE1373F2BBC885964A5F30 /* [CP] Copy Pods Resources */ = {
			isa = PBXShellScriptBuildPhase;
			buildActionMask = 2147483647;
			files = (
			);
			inputPaths = (
			);
			name = "[CP] Copy Pods Resources";
			outputPaths = (
			);
			runOnlyForDeploymentPostprocessing = 0;
			shellPath = /bin/sh;
			shellScript = "\"${SRCROOT}/Pods/Target Support Files/Pods-Metereader/Pods-Metereader-resources.sh\"\n";
			showEnvVarsInLog = 0;
		};
		4840DD19BE18AD4D198FF76E /* [CP] Check Pods Manifest.lock */ = {
			isa = PBXShellScriptBuildPhase;
			buildActionMask = 2147483647;
			files = (
			);
			inputPaths = (
				"${PODS_PODFILE_DIR_PATH}/Podfile.lock",
				"${PODS_ROOT}/Manifest.lock",
			);
			name = "[CP] Check Pods Manifest.lock";
			outputPaths = (
				"$(DERIVED_FILE_DIR)/Pods-Metereader-checkManifestLockResult.txt",
			);
			runOnlyForDeploymentPostprocessing = 0;
			shellPath = /bin/sh;
			shellScript = "diff \"${PODS_PODFILE_DIR_PATH}/Podfile.lock\" \"${PODS_ROOT}/Manifest.lock\" > /dev/null\nif [ $? != 0 ] ; then\n    # print error to STDERR\n    echo \"error: The sandbox is not in sync with the Podfile.lock. Run 'pod install' or update your CocoaPods installation.\" >&2\n    exit 1\nfi\n# This output is used by Xcode 'outputs' to avoid re-running this script phase.\necho \"SUCCESS\" > \"${SCRIPT_OUTPUT_FILE_0}\"\n";
			showEnvVarsInLog = 0;
		};
		EC30337349DE4764F1EE224D /* [CP] Embed Pods Frameworks */ = {
			isa = PBXShellScriptBuildPhase;
			buildActionMask = 2147483647;
			files = (
			);
			inputPaths = (
				"${SRCROOT}/Pods/Target Support Files/Pods-Metereader/Pods-Metereader-frameworks.sh",
				"${BUILT_PRODUCTS_DIR}/MMMaterialDesignSpinner/MMMaterialDesignSpinner.framework",
			);
			name = "[CP] Embed Pods Frameworks";
			outputPaths = (
				"${TARGET_BUILD_DIR}/${FRAMEWORKS_FOLDER_PATH}/MMMaterialDesignSpinner.framework",
			);
			runOnlyForDeploymentPostprocessing = 0;
			shellPath = /bin/sh;
			shellScript = "\"${SRCROOT}/Pods/Target Support Files/Pods-Metereader/Pods-Metereader-frameworks.sh\"\n";
			showEnvVarsInLog = 0;
		};
/* End PBXShellScriptBuildPhase section */

/* Begin PBXSourcesBuildPhase section */
		29C2D2F42138836D00397903 /* Sources */ = {
			isa = PBXSourcesBuildPhase;
			buildActionMask = 2147483647;
			files = (
				29C2D356213DC5E900397903 /* HistoryTableViewCell.swift in Sources */,
				29140D71214EA474005427BC /* DataManager.swift in Sources */,
				29C2D31E21398F0100397903 /* Constants.swift in Sources */,
				29140D7B214EA80E005427BC /* MockDataManager.swift in Sources */,
				29C2D3112138857E00397903 /* MRButton.swift in Sources */,
				29140D74214EA498005427BC /* APIManager.swift in Sources */,
				29C2D2FE2138836D00397903 /* LoginViewController.swift in Sources */,
				29140D79214EA615005427BC /* CustomerModels.swift in Sources */,
				29140D8021504C23005427BC /* Date+Formatting.swift in Sources */,
				29D95402216555FC00350580 /* AddressPopoverViewController.swift in Sources */,
				29140D76214EA4A2005427BC /* MockAPIManager.swift in Sources */,
				29C2D32021398F3900397903 /* UIColor+Theme.swift in Sources */,
				29D9540621655A1900350580 /* ContainerViewControllerProtocol.swift in Sources */,
				29C2D2FC2138836D00397903 /* AppDelegate.swift in Sources */,
				29C2D326213B25AC00397903 /* BaseViewController.swift in Sources */,
				29140D82215988C5005427BC /* CameraViewController.swift in Sources */,
				29C2D30F2138857000397903 /* MRTextField.swift in Sources */,
				29C2D34E213D82B300397903 /* HistoryViewController.swift in Sources */,
			);
			runOnlyForDeploymentPostprocessing = 0;
		};
/* End PBXSourcesBuildPhase section */

/* Begin PBXVariantGroup section */
		29C2D2FF2138836D00397903 /* Main.storyboard */ = {
			isa = PBXVariantGroup;
			children = (
				29C2D3002138836D00397903 /* Base */,
			);
			name = Main.storyboard;
			sourceTree = "<group>";
		};
		29C2D3042138836E00397903 /* LaunchScreen.storyboard */ = {
			isa = PBXVariantGroup;
			children = (
				29C2D3052138836E00397903 /* Base */,
			);
			name = LaunchScreen.storyboard;
			sourceTree = "<group>";
		};
/* End PBXVariantGroup section */

/* Begin XCBuildConfiguration section */
		29C2D3082138836E00397903 /* Debug */ = {
			isa = XCBuildConfiguration;
			buildSettings = {
				ALWAYS_SEARCH_USER_PATHS = NO;
				CLANG_ANALYZER_NONNULL = YES;
				CLANG_ANALYZER_NUMBER_OBJECT_CONVERSION = YES_AGGRESSIVE;
				CLANG_CXX_LANGUAGE_STANDARD = "gnu++14";
				CLANG_CXX_LIBRARY = "libc++";
				CLANG_ENABLE_MODULES = YES;
				CLANG_ENABLE_OBJC_ARC = YES;
				CLANG_ENABLE_OBJC_WEAK = YES;
				CLANG_WARN_BLOCK_CAPTURE_AUTORELEASING = YES;
				CLANG_WARN_BOOL_CONVERSION = YES;
				CLANG_WARN_COMMA = YES;
				CLANG_WARN_CONSTANT_CONVERSION = YES;
				CLANG_WARN_DEPRECATED_OBJC_IMPLEMENTATIONS = YES;
				CLANG_WARN_DIRECT_OBJC_ISA_USAGE = YES_ERROR;
				CLANG_WARN_DOCUMENTATION_COMMENTS = YES;
				CLANG_WARN_EMPTY_BODY = YES;
				CLANG_WARN_ENUM_CONVERSION = YES;
				CLANG_WARN_INFINITE_RECURSION = YES;
				CLANG_WARN_INT_CONVERSION = YES;
				CLANG_WARN_NON_LITERAL_NULL_CONVERSION = YES;
				CLANG_WARN_OBJC_IMPLICIT_RETAIN_SELF = YES;
				CLANG_WARN_OBJC_LITERAL_CONVERSION = YES;
				CLANG_WARN_OBJC_ROOT_CLASS = YES_ERROR;
				CLANG_WARN_RANGE_LOOP_ANALYSIS = YES;
				CLANG_WARN_STRICT_PROTOTYPES = YES;
				CLANG_WARN_SUSPICIOUS_MOVE = YES;
				CLANG_WARN_UNGUARDED_AVAILABILITY = YES_AGGRESSIVE;
				CLANG_WARN_UNREACHABLE_CODE = YES;
				CLANG_WARN__DUPLICATE_METHOD_MATCH = YES;
				CODE_SIGN_IDENTITY = "iPhone Developer";
				COPY_PHASE_STRIP = NO;
				DEBUG_INFORMATION_FORMAT = dwarf;
				ENABLE_STRICT_OBJC_MSGSEND = YES;
				ENABLE_TESTABILITY = YES;
				GCC_C_LANGUAGE_STANDARD = gnu11;
				GCC_DYNAMIC_NO_PIC = NO;
				GCC_NO_COMMON_BLOCKS = YES;
				GCC_OPTIMIZATION_LEVEL = 0;
				GCC_PREPROCESSOR_DEFINITIONS = (
					"DEBUG=1",
					"$(inherited)",
				);
				GCC_WARN_64_TO_32_BIT_CONVERSION = YES;
				GCC_WARN_ABOUT_RETURN_TYPE = YES_ERROR;
				GCC_WARN_UNDECLARED_SELECTOR = YES;
				GCC_WARN_UNINITIALIZED_AUTOS = YES_AGGRESSIVE;
				GCC_WARN_UNUSED_FUNCTION = YES;
				GCC_WARN_UNUSED_VARIABLE = YES;
				IPHONEOS_DEPLOYMENT_TARGET = 11.4;
				MTL_ENABLE_DEBUG_INFO = YES;
				ONLY_ACTIVE_ARCH = YES;
				SDKROOT = iphoneos;
				SWIFT_ACTIVE_COMPILATION_CONDITIONS = DEBUG;
				SWIFT_OPTIMIZATION_LEVEL = "-Onone";
			};
			name = Debug;
		};
		29C2D3092138836E00397903 /* Release */ = {
			isa = XCBuildConfiguration;
			buildSettings = {
				ALWAYS_SEARCH_USER_PATHS = NO;
				CLANG_ANALYZER_NONNULL = YES;
				CLANG_ANALYZER_NUMBER_OBJECT_CONVERSION = YES_AGGRESSIVE;
				CLANG_CXX_LANGUAGE_STANDARD = "gnu++14";
				CLANG_CXX_LIBRARY = "libc++";
				CLANG_ENABLE_MODULES = YES;
				CLANG_ENABLE_OBJC_ARC = YES;
				CLANG_ENABLE_OBJC_WEAK = YES;
				CLANG_WARN_BLOCK_CAPTURE_AUTORELEASING = YES;
				CLANG_WARN_BOOL_CONVERSION = YES;
				CLANG_WARN_COMMA = YES;
				CLANG_WARN_CONSTANT_CONVERSION = YES;
				CLANG_WARN_DEPRECATED_OBJC_IMPLEMENTATIONS = YES;
				CLANG_WARN_DIRECT_OBJC_ISA_USAGE = YES_ERROR;
				CLANG_WARN_DOCUMENTATION_COMMENTS = YES;
				CLANG_WARN_EMPTY_BODY = YES;
				CLANG_WARN_ENUM_CONVERSION = YES;
				CLANG_WARN_INFINITE_RECURSION = YES;
				CLANG_WARN_INT_CONVERSION = YES;
				CLANG_WARN_NON_LITERAL_NULL_CONVERSION = YES;
				CLANG_WARN_OBJC_IMPLICIT_RETAIN_SELF = YES;
				CLANG_WARN_OBJC_LITERAL_CONVERSION = YES;
				CLANG_WARN_OBJC_ROOT_CLASS = YES_ERROR;
				CLANG_WARN_RANGE_LOOP_ANALYSIS = YES;
				CLANG_WARN_STRICT_PROTOTYPES = YES;
				CLANG_WARN_SUSPICIOUS_MOVE = YES;
				CLANG_WARN_UNGUARDED_AVAILABILITY = YES_AGGRESSIVE;
				CLANG_WARN_UNREACHABLE_CODE = YES;
				CLANG_WARN__DUPLICATE_METHOD_MATCH = YES;
				CODE_SIGN_IDENTITY = "iPhone Developer";
				COPY_PHASE_STRIP = NO;
				DEBUG_INFORMATION_FORMAT = "dwarf-with-dsym";
				ENABLE_NS_ASSERTIONS = NO;
				ENABLE_STRICT_OBJC_MSGSEND = YES;
				GCC_C_LANGUAGE_STANDARD = gnu11;
				GCC_NO_COMMON_BLOCKS = YES;
				GCC_WARN_64_TO_32_BIT_CONVERSION = YES;
				GCC_WARN_ABOUT_RETURN_TYPE = YES_ERROR;
				GCC_WARN_UNDECLARED_SELECTOR = YES;
				GCC_WARN_UNINITIALIZED_AUTOS = YES_AGGRESSIVE;
				GCC_WARN_UNUSED_FUNCTION = YES;
				GCC_WARN_UNUSED_VARIABLE = YES;
				IPHONEOS_DEPLOYMENT_TARGET = 11.4;
				MTL_ENABLE_DEBUG_INFO = NO;
				SDKROOT = iphoneos;
				SWIFT_COMPILATION_MODE = wholemodule;
				SWIFT_OPTIMIZATION_LEVEL = "-O";
				VALIDATE_PRODUCT = YES;
			};
			name = Release;
		};
		29C2D30B2138836E00397903 /* Debug */ = {
			isa = XCBuildConfiguration;
			baseConfigurationReference = 4028EE9BDFD0781F8D18D0B1 /* Pods-Metereader.debug.xcconfig */;
			buildSettings = {
				ASSETCATALOG_COMPILER_APPICON_NAME = AppIcon;
				CLANG_ENABLE_MODULES = YES;
				CODE_SIGN_STYLE = Automatic;
				DEVELOPMENT_TEAM = EWH85CQYYJ;
				INFOPLIST_FILE = "Metereader/Supporting Files/Info.plist";
				LD_RUNPATH_SEARCH_PATHS = (
					"$(inherited)",
					"@executable_path/Frameworks",
				);
				PRODUCT_BUNDLE_IDENTIFIER = "com.offensively-bad.Metereader";
				PRODUCT_NAME = "$(TARGET_NAME)";
				SWIFT_OPTIMIZATION_LEVEL = "-Onone";
				SWIFT_VERSION = 4.0;
				TARGETED_DEVICE_FAMILY = "1,2";
			};
			name = Debug;
		};
		29C2D30C2138836E00397903 /* Release */ = {
			isa = XCBuildConfiguration;
			baseConfigurationReference = 014AB7B6319F657A0D5837FC /* Pods-Metereader.release.xcconfig */;
			buildSettings = {
				ASSETCATALOG_COMPILER_APPICON_NAME = AppIcon;
				CLANG_ENABLE_MODULES = YES;
				CODE_SIGN_STYLE = Automatic;
				DEVELOPMENT_TEAM = EWH85CQYYJ;
				INFOPLIST_FILE = "Metereader/Supporting Files/Info.plist";
				LD_RUNPATH_SEARCH_PATHS = (
					"$(inherited)",
					"@executable_path/Frameworks",
				);
				PRODUCT_BUNDLE_IDENTIFIER = "com.offensively-bad.Metereader";
				PRODUCT_NAME = "$(TARGET_NAME)";
				SWIFT_VERSION = 4.0;
				TARGETED_DEVICE_FAMILY = "1,2";
			};
			name = Release;
		};
/* End XCBuildConfiguration section */

/* Begin XCConfigurationList section */
		29C2D2F32138836D00397903 /* Build configuration list for PBXProject "Metereader" */ = {
			isa = XCConfigurationList;
			buildConfigurations = (
				29C2D3082138836E00397903 /* Debug */,
				29C2D3092138836E00397903 /* Release */,
			);
			defaultConfigurationIsVisible = 0;
			defaultConfigurationName = Release;
		};
		29C2D30A2138836E00397903 /* Build configuration list for PBXNativeTarget "Metereader" */ = {
			isa = XCConfigurationList;
			buildConfigurations = (
				29C2D30B2138836E00397903 /* Debug */,
				29C2D30C2138836E00397903 /* Release */,
			);
			defaultConfigurationIsVisible = 0;
			defaultConfigurationName = Release;
		};
/* End XCConfigurationList section */
	};
	rootObject = 29C2D2F02138836D00397903 /* Project object */;
}
