// !$*UTF8*$!
{
	archiveVersion = 1;
	classes = {
	};
	objectVersion = 50;
	objects = {

/* Begin PBXBuildFile section */
		29C2D2FC2138836D00397903 /* AppDelegate.swift in Sources */ = {isa = PBXBuildFile; fileRef = 29C2D2FB2138836D00397903 /* AppDelegate.swift */; };
		29C2D2FE2138836D00397903 /* LoginViewController.swift in Sources */ = {isa = PBXBuildFile; fileRef = 29C2D2FD2138836D00397903 /* LoginViewController.swift */; };
		29C2D3012138836D00397903 /* Main.storyboard in Resources */ = {isa = PBXBuildFile; fileRef = 29C2D2FF2138836D00397903 /* Main.storyboard */; };
		29C2D3032138836E00397903 /* Assets.xcassets in Resources */ = {isa = PBXBuildFile; fileRef = 29C2D3022138836E00397903 /* Assets.xcassets */; };
		29C2D3062138836E00397903 /* LaunchScreen.storyboard in Resources */ = {isa = PBXBuildFile; fileRef = 29C2D3042138836E00397903 /* LaunchScreen.storyboard */; };
		29C2D30F2138857000397903 /* MRTextField.swift in Sources */ = {isa = PBXBuildFile; fileRef = 29C2D30E2138857000397903 /* MRTextField.swift */; };
		29C2D3112138857E00397903 /* MRButton.swift in Sources */ = {isa = PBXBuildFile; fileRef = 29C2D3102138857E00397903 /* MRButton.swift */; };
/* End PBXBuildFile section */

/* Begin PBXFileReference section */
		29C2D2F82138836D00397903 /* Metereader.app */ = {isa = PBXFileReference; explicitFileType = wrapper.application; includeInIndex = 0; path = Metereader.app; sourceTree = BUILT_PRODUCTS_DIR; };
		29C2D2FB2138836D00397903 /* AppDelegate.swift */ = {isa = PBXFileReference; lastKnownFileType = sourcecode.swift; path = AppDelegate.swift; sourceTree = "<group>"; };
		29C2D2FD2138836D00397903 /* LoginViewController.swift */ = {isa = PBXFileReference; lastKnownFileType = sourcecode.swift; path = LoginViewController.swift; sourceTree = "<group>"; };
		29C2D3002138836D00397903 /* Base */ = {isa = PBXFileReference; lastKnownFileType = file.storyboard; name = Base; path = Base.lproj/Main.storyboard; sourceTree = "<group>"; };
		29C2D3022138836E00397903 /* Assets.xcassets */ = {isa = PBXFileReference; lastKnownFileType = folder.assetcatalog; path = Assets.xcassets; sourceTree = "<group>"; };
		29C2D3052138836E00397903 /* Base */ = {isa = PBXFileReference; lastKnownFileType = file.storyboard; name = Base; path = Base.lproj/LaunchScreen.storyboard; sourceTree = "<group>"; };
		29C2D3072138836E00397903 /* Info.plist */ = {isa = PBXFileReference; lastKnownFileType = text.plist.xml; path = Info.plist; sourceTree = "<group>"; };
		29C2D30E2138857000397903 /* MRTextField.swift */ = {isa = PBXFileReference; lastKnownFileType = sourcecode.swift; path = MRTextField.swift; sourceTree = "<group>"; };
		29C2D3102138857E00397903 /* MRButton.swift */ = {isa = PBXFileReference; lastKnownFileType = sourcecode.swift; path = MRButton.swift; sourceTree = "<group>"; };
/* End PBXFileReference section */

/* Begin PBXFrameworksBuildPhase section */
		29C2D2F52138836D00397903 /* Frameworks */ = {
			isa = PBXFrameworksBuildPhase;
			buildActionMask = 2147483647;
			files = (
			);
			runOnlyForDeploymentPostprocessing = 0;
		};
/* End PBXFrameworksBuildPhase section */

/* Begin PBXGroup section */
		29C2D2EF2138836C00397903 = {
			isa = PBXGroup;
			children = (
				29C2D2FA2138836D00397903 /* Metereader */,
				29C2D2F92138836D00397903 /* Products */,
			);
			sourceTree = "<group>";
		};
		29C2D2F92138836D00397903 /* Products */ = {
			isa = PBXGroup;
			children = (
				29C2D2F82138836D00397903 /* Metereader.app */,
			);
			name = Products;
			sourceTree = "<group>";
		};
		29C2D2FA2138836D00397903 /* Metereader */ = {
			isa = PBXGroup;
			children = (
				29C2D30D2138852A00397903 /* 1st Party */,
				29C2D2FB2138836D00397903 /* AppDelegate.swift */,
				29C2D2FD2138836D00397903 /* LoginViewController.swift */,
				29C2D2FF2138836D00397903 /* Main.storyboard */,
				29C2D3022138836E00397903 /* Assets.xcassets */,
				29C2D3042138836E00397903 /* LaunchScreen.storyboard */,
				29C2D3072138836E00397903 /* Info.plist */,
			);
			path = Metereader;
			sourceTree = "<group>";
		};
		29C2D30D2138852A00397903 /* 1st Party */ = {
			isa = PBXGroup;
			children = (
				29C2D30E2138857000397903 /* MRTextField.swift */,
				29C2D3102138857E00397903 /* MRButton.swift */,
			);
			path = "1st Party";
			sourceTree = "<group>";
		};
/* End PBXGroup section */

/* Begin PBXNativeTarget section */
		29C2D2F72138836D00397903 /* Metereader */ = {
			isa = PBXNativeTarget;
			buildConfigurationList = 29C2D30A2138836E00397903 /* Build configuration list for PBXNativeTarget "Metereader" */;
			buildPhases = (
				29C2D2F42138836D00397903 /* Sources */,
				29C2D2F52138836D00397903 /* Frameworks */,
				29C2D2F62138836D00397903 /* Resources */,
			);
			buildRules = (
			);
			dependencies = (
			);
			name = Metereader;
			productName = Metereader;
			productReference = 29C2D2F82138836D00397903 /* Metereader.app */;
			productType = "com.apple.product-type.application";
		};
/* End PBXNativeTarget section */

/* Begin PBXProject section */
		29C2D2F02138836D00397903 /* Project object */ = {
			isa = PBXProject;
			attributes = {
				LastSwiftUpdateCheck = 0940;
				LastUpgradeCheck = 0940;
				ORGANIZATIONNAME = "Shawn Roller";
				TargetAttributes = {
					29C2D2F72138836D00397903 = {
						CreatedOnToolsVersion = 9.4.1;
					};
				};
			};
			buildConfigurationList = 29C2D2F32138836D00397903 /* Build configuration list for PBXProject "Metereader" */;
			compatibilityVersion = "Xcode 9.3";
			developmentRegion = en;
			hasScannedForEncodings = 0;
			knownRegions = (
				en,
				Base,
			);
			mainGroup = 29C2D2EF2138836C00397903;
			productRefGroup = 29C2D2F92138836D00397903 /* Products */;
			projectDirPath = "";
			projectRoot = "";
			targets = (
				29C2D2F72138836D00397903 /* Metereader */,
			);
		};
/* End PBXProject section */

/* Begin PBXResourcesBuildPhase section */
		29C2D2F62138836D00397903 /* Resources */ = {
			isa = PBXResourcesBuildPhase;
			buildActionMask = 2147483647;
			files = (
				29C2D3062138836E00397903 /* LaunchScreen.storyboard in Resources */,
				29C2D3032138836E00397903 /* Assets.xcassets in Resources */,
				29C2D3012138836D00397903 /* Main.storyboard in Resources */,
			);
			runOnlyForDeploymentPostprocessing = 0;
		};
/* End PBXResourcesBuildPhase section */

/* Begin PBXSourcesBuildPhase section */
		29C2D2F42138836D00397903 /* Sources */ = {
			isa = PBXSourcesBuildPhase;
			buildActionMask = 2147483647;
			files = (
				29C2D3112138857E00397903 /* MRButton.swift in Sources */,
				29C2D2FE2138836D00397903 /* LoginViewController.swift in Sources */,
				29C2D2FC2138836D00397903 /* AppDelegate.swift in Sources */,
				29C2D30F2138857000397903 /* MRTextField.swift in Sources */,
			);
			runOnlyForDeploymentPostprocessing = 0;
		};
/* End PBXSourcesBuildPhase section */

/* Begin PBXVariantGroup section */
		29C2D2FF2138836D00397903 /* Main.storyboard */ = {
			isa = PBXVariantGroup;
			children = (
				29C2D3002138836D00397903 /* Base */,
			);
			name = Main.storyboard;
			sourceTree = "<group>";
		};
		29C2D3042138836E00397903 /* LaunchScreen.storyboard */ = {
			isa = PBXVariantGroup;
			children = (
				29C2D3052138836E00397903 /* Base */,
			);
			name = LaunchScreen.storyboard;
			sourceTree = "<group>";
		};
/* End PBXVariantGroup section */

/* Begin XCBuildConfiguration section */
		29C2D3082138836E00397903 /* Debug */ = {
			isa = XCBuildConfiguration;
			buildSettings = {
				ALWAYS_SEARCH_USER_PATHS = NO;
				CLANG_ANALYZER_NONNULL = YES;
				CLANG_ANALYZER_NUMBER_OBJECT_CONVERSION = YES_AGGRESSIVE;
				CLANG_CXX_LANGUAGE_STANDARD = "gnu++14";
				CLANG_CXX_LIBRARY = "libc++";
				CLANG_ENABLE_MODULES = YES;
				CLANG_ENABLE_OBJC_ARC = YES;
				CLANG_ENABLE_OBJC_WEAK = YES;
				CLANG_WARN_BLOCK_CAPTURE_AUTORELEASING = YES;
				CLANG_WARN_BOOL_CONVERSION = YES;
				CLANG_WARN_COMMA = YES;
				CLANG_WARN_CONSTANT_CONVERSION = YES;
				CLANG_WARN_DEPRECATED_OBJC_IMPLEMENTATIONS = YES;
				CLANG_WARN_DIRECT_OBJC_ISA_USAGE = YES_ERROR;
				CLANG_WARN_DOCUMENTATION_COMMENTS = YES;
				CLANG_WARN_EMPTY_BODY = YES;
				CLANG_WARN_ENUM_CONVERSION = YES;
				CLANG_WARN_INFINITE_RECURSION = YES;
				CLANG_WARN_INT_CONVERSION = YES;
				CLANG_WARN_NON_LITERAL_NULL_CONVERSION = YES;
				CLANG_WARN_OBJC_IMPLICIT_RETAIN_SELF = YES;
				CLANG_WARN_OBJC_LITERAL_CONVERSION = YES;
				CLANG_WARN_OBJC_ROOT_CLASS = YES_ERROR;
				CLANG_WARN_RANGE_LOOP_ANALYSIS = YES;
				CLANG_WARN_STRICT_PROTOTYPES = YES;
				CLANG_WARN_SUSPICIOUS_MOVE = YES;
				CLANG_WARN_UNGUARDED_AVAILABILITY = YES_AGGRESSIVE;
				CLANG_WARN_UNREACHABLE_CODE = YES;
				CLANG_WARN__DUPLICATE_METHOD_MATCH = YES;
				CODE_SIGN_IDENTITY = "iPhone Developer";
				COPY_PHASE_STRIP = NO;
				DEBUG_INFORMATION_FORMAT = dwarf;
				ENABLE_STRICT_OBJC_MSGSEND = YES;
				ENABLE_TESTABILITY = YES;
				GCC_C_LANGUAGE_STANDARD = gnu11;
				GCC_DYNAMIC_NO_PIC = NO;
				GCC_NO_COMMON_BLOCKS = YES;
				GCC_OPTIMIZATION_LEVEL = 0;
				GCC_PREPROCESSOR_DEFINITIONS = (
					"DEBUG=1",
					"$(inherited)",
				);
				GCC_WARN_64_TO_32_BIT_CONVERSION = YES;
				GCC_WARN_ABOUT_RETURN_TYPE = YES_ERROR;
				GCC_WARN_UNDECLARED_SELECTOR = YES;
				GCC_WARN_UNINITIALIZED_AUTOS = YES_AGGRESSIVE;
				GCC_WARN_UNUSED_FUNCTION = YES;
				GCC_WARN_UNUSED_VARIABLE = YES;
				IPHONEOS_DEPLOYMENT_TARGET = 11.4;
				MTL_ENABLE_DEBUG_INFO = YES;
				ONLY_ACTIVE_ARCH = YES;
				SDKROOT = iphoneos;
				SWIFT_ACTIVE_COMPILATION_CONDITIONS = DEBUG;
				SWIFT_OPTIMIZATION_LEVEL = "-Onone";
			};
			name = Debug;
		};
		29C2D3092138836E00397903 /* Release */ = {
			isa = XCBuildConfiguration;
			buildSettings = {
				ALWAYS_SEARCH_USER_PATHS = NO;
				CLANG_ANALYZER_NONNULL = YES;
				CLANG_ANALYZER_NUMBER_OBJECT_CONVERSION = YES_AGGRESSIVE;
				CLANG_CXX_LANGUAGE_STANDARD = "gnu++14";
				CLANG_CXX_LIBRARY = "libc++";
				CLANG_ENABLE_MODULES = YES;
				CLANG_ENABLE_OBJC_ARC = YES;
				CLANG_ENABLE_OBJC_WEAK = YES;
				CLANG_WARN_BLOCK_CAPTURE_AUTORELEASING = YES;
				CLANG_WARN_BOOL_CONVERSION = YES;
				CLANG_WARN_COMMA = YES;
				CLANG_WARN_CONSTANT_CONVERSION = YES;
				CLANG_WARN_DEPRECATED_OBJC_IMPLEMENTATIONS = YES;
				CLANG_WARN_DIRECT_OBJC_ISA_USAGE = YES_ERROR;
				CLANG_WARN_DOCUMENTATION_COMMENTS = YES;
				CLANG_WARN_EMPTY_BODY = YES;
				CLANG_WARN_ENUM_CONVERSION = YES;
				CLANG_WARN_INFINITE_RECURSION = YES;
				CLANG_WARN_INT_CONVERSION = YES;
				CLANG_WARN_NON_LITERAL_NULL_CONVERSION = YES;
				CLANG_WARN_OBJC_IMPLICIT_RETAIN_SELF = YES;
				CLANG_WARN_OBJC_LITERAL_CONVERSION = YES;
				CLANG_WARN_OBJC_ROOT_CLASS = YES_ERROR;
				CLANG_WARN_RANGE_LOOP_ANALYSIS = YES;
				CLANG_WARN_STRICT_PROTOTYPES = YES;
				CLANG_WARN_SUSPICIOUS_MOVE = YES;
				CLANG_WARN_UNGUARDED_AVAILABILITY = YES_AGGRESSIVE;
				CLANG_WARN_UNREACHABLE_CODE = YES;
				CLANG_WARN__DUPLICATE_METHOD_MATCH = YES;
				CODE_SIGN_IDENTITY = "iPhone Developer";
				COPY_PHASE_STRIP = NO;
				DEBUG_INFORMATION_FORMAT = "dwarf-with-dsym";
				ENABLE_NS_ASSERTIONS = NO;
				ENABLE_STRICT_OBJC_MSGSEND = YES;
				GCC_C_LANGUAGE_STANDARD = gnu11;
				GCC_NO_COMMON_BLOCKS = YES;
				GCC_WARN_64_TO_32_BIT_CONVERSION = YES;
				GCC_WARN_ABOUT_RETURN_TYPE = YES_ERROR;
				GCC_WARN_UNDECLARED_SELECTOR = YES;
				GCC_WARN_UNINITIALIZED_AUTOS = YES_AGGRESSIVE;
				GCC_WARN_UNUSED_FUNCTION = YES;
				GCC_WARN_UNUSED_VARIABLE = YES;
				IPHONEOS_DEPLOYMENT_TARGET = 11.4;
				MTL_ENABLE_DEBUG_INFO = NO;
				SDKROOT = iphoneos;
				SWIFT_COMPILATION_MODE = wholemodule;
				SWIFT_OPTIMIZATION_LEVEL = "-O";
				VALIDATE_PRODUCT = YES;
			};
			name = Release;
		};
		29C2D30B2138836E00397903 /* Debug */ = {
			isa = XCBuildConfiguration;
			buildSettings = {
				ASSETCATALOG_COMPILER_APPICON_NAME = AppIcon;
				CODE_SIGN_STYLE = Automatic;
				DEVELOPMENT_TEAM = EWH85CQYYJ;
				INFOPLIST_FILE = Metereader/Info.plist;
				LD_RUNPATH_SEARCH_PATHS = (
					"$(inherited)",
					"@executable_path/Frameworks",
				);
				PRODUCT_BUNDLE_IDENTIFIER = "com.offensively-bad.Metereader";
				PRODUCT_NAME = "$(TARGET_NAME)";
				SWIFT_VERSION = 4.0;
				TARGETED_DEVICE_FAMILY = "1,2";
			};
			name = Debug;
		};
		29C2D30C2138836E00397903 /* Release */ = {
			isa = XCBuildConfiguration;
			buildSettings = {
				ASSETCATALOG_COMPILER_APPICON_NAME = AppIcon;
				CODE_SIGN_STYLE = Automatic;
				DEVELOPMENT_TEAM = EWH85CQYYJ;
				INFOPLIST_FILE = Metereader/Info.plist;
				LD_RUNPATH_SEARCH_PATHS = (
					"$(inherited)",
					"@executable_path/Frameworks",
				);
				PRODUCT_BUNDLE_IDENTIFIER = "com.offensively-bad.Metereader";
				PRODUCT_NAME = "$(TARGET_NAME)";
				SWIFT_VERSION = 4.0;
				TARGETED_DEVICE_FAMILY = "1,2";
			};
			name = Release;
		};
/* End XCBuildConfiguration section */

/* Begin XCConfigurationList section */
		29C2D2F32138836D00397903 /* Build configuration list for PBXProject "Metereader" */ = {
			isa = XCConfigurationList;
			buildConfigurations = (
				29C2D3082138836E00397903 /* Debug */,
				29C2D3092138836E00397903 /* Release */,
			);
			defaultConfigurationIsVisible = 0;
			defaultConfigurationName = Release;
		};
		29C2D30A2138836E00397903 /* Build configuration list for PBXNativeTarget "Metereader" */ = {
			isa = XCConfigurationList;
			buildConfigurations = (
				29C2D30B2138836E00397903 /* Debug */,
				29C2D30C2138836E00397903 /* Release */,
			);
			defaultConfigurationIsVisible = 0;
			defaultConfigurationName = Release;
		};
/* End XCConfigurationList section */
	};
	rootObject = 29C2D2F02138836D00397903 /* Project object */;
}
